
Microsoft Visual Studio Solution File, Format Version 12.00
# Visual Studio Version 17
VisualStudioVersion = 17.8.34330.188
MinimumVisualStudioVersion = 10.0.40219.1
Project("{FAE04EC0-301F-11D3-BF4B-00C04F79EFBC}") = "linq2", "linq2\linq2.csproj", "{75A6CDE7-93A3-48DD-822F-729D658EC22D}"
EndProject
Global
	GlobalSection(SolutionConfigurationPlatforms) = preSolution
		Debug|Any CPU = Debug|Any CPU
		Release|Any CPU = Release|Any CPU
	EndGlobalSection
	GlobalSection(ProjectConfigurationPlatforms) = postSolution
		{75A6CDE7-93A3-48DD-822F-729D658EC22D}.Debug|Any CPU.ActiveCfg = Debug|Any CPU
		{75A6CDE7-93A3-48DD-822F-729D658EC22D}.Debug|Any CPU.Build.0 = Debug|Any CPU
		{75A6CDE7-93A3-48DD-822F-729D658EC22D}.Release|Any CPU.ActiveCfg = Release|Any CPU
		{75A6CDE7-93A3-48DD-822F-729D658EC22D}.Release|Any CPU.Build.0 = Release|Any CPU
	EndGlobalSection
	GlobalSection(SolutionProperties) = preSolution
		HideSolutionNode = FALSE
	EndGlobalSection
	GlobalSection(ExtensibilityGlobals) = postSolution
		SolutionGuid = {F7E33513-E24E-4119-8B67-E6700B0039A1}
	EndGlobalSection
EndGlobal
